// !$*UTF8*$!
{
	archiveVersion = 1;
	classes = {
	};
	objectVersion = 50;
	objects = {

/* Begin PBXBuildFile section */
		3E25B1B42609793F00C2FF20 /* HomeTableViewCell.swift in Sources */ = {isa = PBXBuildFile; fileRef = 3E74D2452609786500BEE494 /* HomeTableViewCell.swift */; };
		3E74D2132609613F00BEE494 /* AppDelegate.swift in Sources */ = {isa = PBXBuildFile; fileRef = 3E74D2122609613F00BEE494 /* AppDelegate.swift */; };
		3E74D2152609613F00BEE494 /* ViewController.swift in Sources */ = {isa = PBXBuildFile; fileRef = 3E74D2142609613F00BEE494 /* ViewController.swift */; };
		3E74D2182609613F00BEE494 /* Main.storyboard in Resources */ = {isa = PBXBuildFile; fileRef = 3E74D2162609613F00BEE494 /* Main.storyboard */; };
		3E74D21B2609613F00BEE494 /* MinhaBiblioteca.xcdatamodeld in Sources */ = {isa = PBXBuildFile; fileRef = 3E74D2192609613F00BEE494 /* MinhaBiblioteca.xcdatamodeld */; };
		3E74D21D2609614000BEE494 /* Assets.xcassets in Resources */ = {isa = PBXBuildFile; fileRef = 3E74D21C2609614000BEE494 /* Assets.xcassets */; };
		3E74D2202609614000BEE494 /* LaunchScreen.storyboard in Resources */ = {isa = PBXBuildFile; fileRef = 3E74D21E2609614000BEE494 /* LaunchScreen.storyboard */; };
		3E74D22B2609614000BEE494 /* MinhaBibliotecaTests.swift in Sources */ = {isa = PBXBuildFile; fileRef = 3E74D22A2609614000BEE494 /* MinhaBibliotecaTests.swift */; };
		3E74D2362609614000BEE494 /* MinhaBibliotecaUITests.swift in Sources */ = {isa = PBXBuildFile; fileRef = 3E74D2352609614000BEE494 /* MinhaBibliotecaUITests.swift */; };
		3E74D244260967FA00BEE494 /* HomeTableViewController.swift in Sources */ = {isa = PBXBuildFile; fileRef = 3E74D243260967FA00BEE494 /* HomeTableViewController.swift */; };
/* End PBXBuildFile section */

/* Begin PBXContainerItemProxy section */
		3E74D2272609614000BEE494 /* PBXContainerItemProxy */ = {
			isa = PBXContainerItemProxy;
			containerPortal = 3E74D2072609613F00BEE494 /* Project object */;
			proxyType = 1;
			remoteGlobalIDString = 3E74D20E2609613F00BEE494;
			remoteInfo = MinhaBiblioteca;
		};
		3E74D2322609614000BEE494 /* PBXContainerItemProxy */ = {
			isa = PBXContainerItemProxy;
			containerPortal = 3E74D2072609613F00BEE494 /* Project object */;
			proxyType = 1;
			remoteGlobalIDString = 3E74D20E2609613F00BEE494;
			remoteInfo = MinhaBiblioteca;
		};
/* End PBXContainerItemProxy section */

/* Begin PBXFileReference section */
		3E74D20F2609613F00BEE494 /* MinhaBiblioteca.app */ = {isa = PBXFileReference; explicitFileType = wrapper.application; includeInIndex = 0; path = MinhaBiblioteca.app; sourceTree = BUILT_PRODUCTS_DIR; };
		3E74D2122609613F00BEE494 /* AppDelegate.swift */ = {isa = PBXFileReference; lastKnownFileType = sourcecode.swift; path = AppDelegate.swift; sourceTree = "<group>"; };
		3E74D2142609613F00BEE494 /* ViewController.swift */ = {isa = PBXFileReference; lastKnownFileType = sourcecode.swift; path = ViewController.swift; sourceTree = "<group>"; };
		3E74D2172609613F00BEE494 /* Base */ = {isa = PBXFileReference; lastKnownFileType = file.storyboard; name = Base; path = Base.lproj/Main.storyboard; sourceTree = "<group>"; };
		3E74D21A2609613F00BEE494 /* MinhaBiblioteca.xcdatamodel */ = {isa = PBXFileReference; lastKnownFileType = wrapper.xcdatamodel; path = MinhaBiblioteca.xcdatamodel; sourceTree = "<group>"; };
		3E74D21C2609614000BEE494 /* Assets.xcassets */ = {isa = PBXFileReference; lastKnownFileType = folder.assetcatalog; path = Assets.xcassets; sourceTree = "<group>"; };
		3E74D21F2609614000BEE494 /* Base */ = {isa = PBXFileReference; lastKnownFileType = file.storyboard; name = Base; path = Base.lproj/LaunchScreen.storyboard; sourceTree = "<group>"; };
		3E74D2212609614000BEE494 /* Info.plist */ = {isa = PBXFileReference; lastKnownFileType = text.plist.xml; path = Info.plist; sourceTree = "<group>"; };
		3E74D2262609614000BEE494 /* MinhaBibliotecaTests.xctest */ = {isa = PBXFileReference; explicitFileType = wrapper.cfbundle; includeInIndex = 0; path = MinhaBibliotecaTests.xctest; sourceTree = BUILT_PRODUCTS_DIR; };
		3E74D22A2609614000BEE494 /* MinhaBibliotecaTests.swift */ = {isa = PBXFileReference; lastKnownFileType = sourcecode.swift; path = MinhaBibliotecaTests.swift; sourceTree = "<group>"; };
		3E74D22C2609614000BEE494 /* Info.plist */ = {isa = PBXFileReference; lastKnownFileType = text.plist.xml; path = Info.plist; sourceTree = "<group>"; };
		3E74D2312609614000BEE494 /* MinhaBibliotecaUITests.xctest */ = {isa = PBXFileReference; explicitFileType = wrapper.cfbundle; includeInIndex = 0; path = MinhaBibliotecaUITests.xctest; sourceTree = BUILT_PRODUCTS_DIR; };
		3E74D2352609614000BEE494 /* MinhaBibliotecaUITests.swift */ = {isa = PBXFileReference; lastKnownFileType = sourcecode.swift; path = MinhaBibliotecaUITests.swift; sourceTree = "<group>"; };
		3E74D2372609614000BEE494 /* Info.plist */ = {isa = PBXFileReference; lastKnownFileType = text.plist.xml; path = Info.plist; sourceTree = "<group>"; };
		3E74D243260967FA00BEE494 /* HomeTableViewController.swift */ = {isa = PBXFileReference; lastKnownFileType = sourcecode.swift; path = HomeTableViewController.swift; sourceTree = "<group>"; };
		3E74D2452609786500BEE494 /* HomeTableViewCell.swift */ = {isa = PBXFileReference; lastKnownFileType = sourcecode.swift; path = HomeTableViewCell.swift; sourceTree = "<group>"; };
/* End PBXFileReference section */

/* Begin PBXFrameworksBuildPhase section */
		3E74D20C2609613F00BEE494 /* Frameworks */ = {
			isa = PBXFrameworksBuildPhase;
			buildActionMask = 2147483647;
			files = (
			);
			runOnlyForDeploymentPostprocessing = 0;
		};
		3E74D2232609614000BEE494 /* Frameworks */ = {
			isa = PBXFrameworksBuildPhase;
			buildActionMask = 2147483647;
			files = (
			);
			runOnlyForDeploymentPostprocessing = 0;
		};
		3E74D22E2609614000BEE494 /* Frameworks */ = {
			isa = PBXFrameworksBuildPhase;
			buildActionMask = 2147483647;
			files = (
			);
			runOnlyForDeploymentPostprocessing = 0;
		};
/* End PBXFrameworksBuildPhase section */

/* Begin PBXGroup section */
		3E07D360260A1711001A9B6C /* Home */ = {
			isa = PBXGroup;
			children = (
				3E07D362260A1739001A9B6C /* Controller */,
				3E07D361260A172C001A9B6C /* View */,
			);
			path = Home;
			sourceTree = "<group>";
		};
		3E07D361260A172C001A9B6C /* View */ = {
			isa = PBXGroup;
			children = (
				3E74D2452609786500BEE494 /* HomeTableViewCell.swift */,
			);
			path = View;
			sourceTree = "<group>";
		};
		3E07D362260A1739001A9B6C /* Controller */ = {
			isa = PBXGroup;
			children = (
				3E74D243260967FA00BEE494 /* HomeTableViewController.swift */,
			);
			path = Controller;
			sourceTree = "<group>";
		};
		3E07D363260A1753001A9B6C /* Livros */ = {
			isa = PBXGroup;
			children = (
				3E07D364260A175E001A9B6C /* Controller */,
			);
			path = Livros;
			sourceTree = "<group>";
		};
		3E07D364260A175E001A9B6C /* Controller */ = {
			isa = PBXGroup;
			children = (
				3E74D2142609613F00BEE494 /* ViewController.swift */,
			);
			path = Controller;
			sourceTree = "<group>";
		};
		3E74D2062609613F00BEE494 = {
			isa = PBXGroup;
			children = (
				3E74D2112609613F00BEE494 /* MinhaBiblioteca */,
				3E74D2292609614000BEE494 /* MinhaBibliotecaTests */,
				3E74D2342609614000BEE494 /* MinhaBibliotecaUITests */,
				3E74D2102609613F00BEE494 /* Products */,
			);
			sourceTree = "<group>";
		};
		3E74D2102609613F00BEE494 /* Products */ = {
			isa = PBXGroup;
			children = (
				3E74D20F2609613F00BEE494 /* MinhaBiblioteca.app */,
				3E74D2262609614000BEE494 /* MinhaBibliotecaTests.xctest */,
				3E74D2312609614000BEE494 /* MinhaBibliotecaUITests.xctest */,
			);
			name = Products;
			sourceTree = "<group>";
		};
		3E74D2112609613F00BEE494 /* MinhaBiblioteca */ = {
			isa = PBXGroup;
			children = (
				3E74D2122609613F00BEE494 /* AppDelegate.swift */,
				3E07D360260A1711001A9B6C /* Home */,
				3E07D363260A1753001A9B6C /* Livros */,
				3E74D2162609613F00BEE494 /* Main.storyboard */,
				3E74D21C2609614000BEE494 /* Assets.xcassets */,
				3E74D21E2609614000BEE494 /* LaunchScreen.storyboard */,
				3E74D2212609614000BEE494 /* Info.plist */,
				3E74D2192609613F00BEE494 /* MinhaBiblioteca.xcdatamodeld */,
			);
			path = MinhaBiblioteca;
			sourceTree = "<group>";
		};
		3E74D2292609614000BEE494 /* MinhaBibliotecaTests */ = {
			isa = PBXGroup;
			children = (
				3E74D22A2609614000BEE494 /* MinhaBibliotecaTests.swift */,
				3E74D22C2609614000BEE494 /* Info.plist */,
			);
			path = MinhaBibliotecaTests;
			sourceTree = "<group>";
		};
		3E74D2342609614000BEE494 /* MinhaBibliotecaUITests */ = {
			isa = PBXGroup;
			children = (
				3E74D2352609614000BEE494 /* MinhaBibliotecaUITests.swift */,
				3E74D2372609614000BEE494 /* Info.plist */,
			);
			path = MinhaBibliotecaUITests;
			sourceTree = "<group>";
		};
/* End PBXGroup section */

/* Begin PBXNativeTarget section */
		3E74D20E2609613F00BEE494 /* MinhaBiblioteca */ = {
			isa = PBXNativeTarget;
			buildConfigurationList = 3E74D23A2609614000BEE494 /* Build configuration list for PBXNativeTarget "MinhaBiblioteca" */;
			buildPhases = (
				3E74D20B2609613F00BEE494 /* Sources */,
				3E74D20C2609613F00BEE494 /* Frameworks */,
				3E74D20D2609613F00BEE494 /* Resources */,
			);
			buildRules = (
			);
			dependencies = (
			);
			name = MinhaBiblioteca;
			productName = MinhaBiblioteca;
			productReference = 3E74D20F2609613F00BEE494 /* MinhaBiblioteca.app */;
			productType = "com.apple.product-type.application";
		};
		3E74D2252609614000BEE494 /* MinhaBibliotecaTests */ = {
			isa = PBXNativeTarget;
			buildConfigurationList = 3E74D23D2609614000BEE494 /* Build configuration list for PBXNativeTarget "MinhaBibliotecaTests" */;
			buildPhases = (
				3E74D2222609614000BEE494 /* Sources */,
				3E74D2232609614000BEE494 /* Frameworks */,
				3E74D2242609614000BEE494 /* Resources */,
			);
			buildRules = (
			);
			dependencies = (
				3E74D2282609614000BEE494 /* PBXTargetDependency */,
			);
			name = MinhaBibliotecaTests;
			productName = MinhaBibliotecaTests;
			productReference = 3E74D2262609614000BEE494 /* MinhaBibliotecaTests.xctest */;
			productType = "com.apple.product-type.bundle.unit-test";
		};
		3E74D2302609614000BEE494 /* MinhaBibliotecaUITests */ = {
			isa = PBXNativeTarget;
			buildConfigurationList = 3E74D2402609614000BEE494 /* Build configuration list for PBXNativeTarget "MinhaBibliotecaUITests" */;
			buildPhases = (
				3E74D22D2609614000BEE494 /* Sources */,
				3E74D22E2609614000BEE494 /* Frameworks */,
				3E74D22F2609614000BEE494 /* Resources */,
			);
			buildRules = (
			);
			dependencies = (
				3E74D2332609614000BEE494 /* PBXTargetDependency */,
			);
			name = MinhaBibliotecaUITests;
			productName = MinhaBibliotecaUITests;
			productReference = 3E74D2312609614000BEE494 /* MinhaBibliotecaUITests.xctest */;
			productType = "com.apple.product-type.bundle.ui-testing";
		};
/* End PBXNativeTarget section */

/* Begin PBXProject section */
		3E74D2072609613F00BEE494 /* Project object */ = {
			isa = PBXProject;
			attributes = {
				LastSwiftUpdateCheck = 1010;
				LastUpgradeCheck = 1010;
				ORGANIZATIONNAME = Estudos;
				TargetAttributes = {
					3E74D20E2609613F00BEE494 = {
						CreatedOnToolsVersion = 10.1;
					};
					3E74D2252609614000BEE494 = {
						CreatedOnToolsVersion = 10.1;
						TestTargetID = 3E74D20E2609613F00BEE494;
					};
					3E74D2302609614000BEE494 = {
						CreatedOnToolsVersion = 10.1;
						TestTargetID = 3E74D20E2609613F00BEE494;
					};
				};
			};
			buildConfigurationList = 3E74D20A2609613F00BEE494 /* Build configuration list for PBXProject "MinhaBiblioteca" */;
			compatibilityVersion = "Xcode 9.3";
			developmentRegion = en;
			hasScannedForEncodings = 0;
			knownRegions = (
				en,
				Base,
			);
			mainGroup = 3E74D2062609613F00BEE494;
			productRefGroup = 3E74D2102609613F00BEE494 /* Products */;
			projectDirPath = "";
			projectRoot = "";
			targets = (
				3E74D20E2609613F00BEE494 /* MinhaBiblioteca */,
				3E74D2252609614000BEE494 /* MinhaBibliotecaTests */,
				3E74D2302609614000BEE494 /* MinhaBibliotecaUITests */,
			);
		};
/* End PBXProject section */

/* Begin PBXResourcesBuildPhase section */
		3E74D20D2609613F00BEE494 /* Resources */ = {
			isa = PBXResourcesBuildPhase;
			buildActionMask = 2147483647;
			files = (
				3E74D2202609614000BEE494 /* LaunchScreen.storyboard in Resources */,
				3E74D21D2609614000BEE494 /* Assets.xcassets in Resources */,
				3E74D2182609613F00BEE494 /* Main.storyboard in Resources */,
			);
			runOnlyForDeploymentPostprocessing = 0;
		};
		3E74D2242609614000BEE494 /* Resources */ = {
			isa = PBXResourcesBuildPhase;
			buildActionMask = 2147483647;
			files = (
			);
			runOnlyForDeploymentPostprocessing = 0;
		};
		3E74D22F2609614000BEE494 /* Resources */ = {
			isa = PBXResourcesBuildPhase;
			buildActionMask = 2147483647;
			files = (
			);
			runOnlyForDeploymentPostprocessing = 0;
		};
/* End PBXResourcesBuildPhase section */

/* Begin PBXSourcesBuildPhase section */
		3E74D20B2609613F00BEE494 /* Sources */ = {
			isa = PBXSourcesBuildPhase;
			buildActionMask = 2147483647;
			files = (
				3E74D244260967FA00BEE494 /* HomeTableViewController.swift in Sources */,
				3E25B1B42609793F00C2FF20 /* HomeTableViewCell.swift in Sources */,
				3E74D2152609613F00BEE494 /* ViewController.swift in Sources */,
				3E74D2132609613F00BEE494 /* AppDelegate.swift in Sources */,
				3E74D21B2609613F00BEE494 /* MinhaBiblioteca.xcdatamodeld in Sources */,
			);
			runOnlyForDeploymentPostprocessing = 0;
		};
		3E74D2222609614000BEE494 /* Sources */ = {
			isa = PBXSourcesBuildPhase;
			buildActionMask = 2147483647;
			files = (
				3E74D22B2609614000BEE494 /* MinhaBibliotecaTests.swift in Sources */,
			);
			runOnlyForDeploymentPostprocessing = 0;
		};
		3E74D22D2609614000BEE494 /* Sources */ = {
			isa = PBXSourcesBuildPhase;
			buildActionMask = 2147483647;
			files = (
				3E74D2362609614000BEE494 /* MinhaBibliotecaUITests.swift in Sources */,
			);
			runOnlyForDeploymentPostprocessing = 0;
		};
/* End PBXSourcesBuildPhase section */

/* Begin PBXTargetDependency section */
		3E74D2282609614000BEE494 /* PBXTargetDependency */ = {
			isa = PBXTargetDependency;
			target = 3E74D20E2609613F00BEE494 /* MinhaBiblioteca */;
			targetProxy = 3E74D2272609614000BEE494 /* PBXContainerItemProxy */;
		};
		3E74D2332609614000BEE494 /* PBXTargetDependency */ = {
			isa = PBXTargetDependency;
			target = 3E74D20E2609613F00BEE494 /* MinhaBiblioteca */;
			targetProxy = 3E74D2322609614000BEE494 /* PBXContainerItemProxy */;
		};
/* End PBXTargetDependency section */

/* Begin PBXVariantGroup section */
		3E74D2162609613F00BEE494 /* Main.storyboard */ = {
			isa = PBXVariantGroup;
			children = (
				3E74D2172609613F00BEE494 /* Base */,
			);
			name = Main.storyboard;
			sourceTree = "<group>";
		};
		3E74D21E2609614000BEE494 /* LaunchScreen.storyboard */ = {
			isa = PBXVariantGroup;
			children = (
				3E74D21F2609614000BEE494 /* Base */,
			);
			name = LaunchScreen.storyboard;
			sourceTree = "<group>";
		};
/* End PBXVariantGroup section */

/* Begin XCBuildConfiguration section */
		3E74D2382609614000BEE494 /* Debug */ = {
			isa = XCBuildConfiguration;
			buildSettings = {
				ALWAYS_SEARCH_USER_PATHS = NO;
				CLANG_ANALYZER_NONNULL = YES;
				CLANG_ANALYZER_NUMBER_OBJECT_CONVERSION = YES_AGGRESSIVE;
				CLANG_CXX_LANGUAGE_STANDARD = "gnu++14";
				CLANG_CXX_LIBRARY = "libc++";
				CLANG_ENABLE_MODULES = YES;
				CLANG_ENABLE_OBJC_ARC = YES;
				CLANG_ENABLE_OBJC_WEAK = YES;
				CLANG_WARN_BLOCK_CAPTURE_AUTORELEASING = YES;
				CLANG_WARN_BOOL_CONVERSION = YES;
				CLANG_WARN_COMMA = YES;
				CLANG_WARN_CONSTANT_CONVERSION = YES;
				CLANG_WARN_DEPRECATED_OBJC_IMPLEMENTATIONS = YES;
				CLANG_WARN_DIRECT_OBJC_ISA_USAGE = YES_ERROR;
				CLANG_WARN_DOCUMENTATION_COMMENTS = YES;
				CLANG_WARN_EMPTY_BODY = YES;
				CLANG_WARN_ENUM_CONVERSION = YES;
				CLANG_WARN_INFINITE_RECURSION = YES;
				CLANG_WARN_INT_CONVERSION = YES;
				CLANG_WARN_NON_LITERAL_NULL_CONVERSION = YES;
				CLANG_WARN_OBJC_IMPLICIT_RETAIN_SELF = YES;
				CLANG_WARN_OBJC_LITERAL_CONVERSION = YES;
				CLANG_WARN_OBJC_ROOT_CLASS = YES_ERROR;
				CLANG_WARN_RANGE_LOOP_ANALYSIS = YES;
				CLANG_WARN_STRICT_PROTOTYPES = YES;
				CLANG_WARN_SUSPICIOUS_MOVE = YES;
				CLANG_WARN_UNGUARDED_AVAILABILITY = YES_AGGRESSIVE;
				CLANG_WARN_UNREACHABLE_CODE = YES;
				CLANG_WARN__DUPLICATE_METHOD_MATCH = YES;
				CODE_SIGN_IDENTITY = "iPhone Developer";
				COPY_PHASE_STRIP = NO;
				DEBUG_INFORMATION_FORMAT = dwarf;
				ENABLE_STRICT_OBJC_MSGSEND = YES;
				ENABLE_TESTABILITY = YES;
				GCC_C_LANGUAGE_STANDARD = gnu11;
				GCC_DYNAMIC_NO_PIC = NO;
				GCC_NO_COMMON_BLOCKS = YES;
				GCC_OPTIMIZATION_LEVEL = 0;
				GCC_PREPROCESSOR_DEFINITIONS = (
					"DEBUG=1",
					"$(inherited)",
				);
				GCC_WARN_64_TO_32_BIT_CONVERSION = YES;
				GCC_WARN_ABOUT_RETURN_TYPE = YES_ERROR;
				GCC_WARN_UNDECLARED_SELECTOR = YES;
				GCC_WARN_UNINITIALIZED_AUTOS = YES_AGGRESSIVE;
				GCC_WARN_UNUSED_FUNCTION = YES;
				GCC_WARN_UNUSED_VARIABLE = YES;
				IPHONEOS_DEPLOYMENT_TARGET = 12.1;
				MTL_ENABLE_DEBUG_INFO = INCLUDE_SOURCE;
				MTL_FAST_MATH = YES;
				ONLY_ACTIVE_ARCH = YES;
				SDKROOT = iphoneos;
				SWIFT_ACTIVE_COMPILATION_CONDITIONS = DEBUG;
				SWIFT_OPTIMIZATION_LEVEL = "-Onone";
			};
			name = Debug;
		};
		3E74D2392609614000BEE494 /* Release */ = {
			isa = XCBuildConfiguration;
			buildSettings = {
				ALWAYS_SEARCH_USER_PATHS = NO;
				CLANG_ANALYZER_NONNULL = YES;
				CLANG_ANALYZER_NUMBER_OBJECT_CONVERSION = YES_AGGRESSIVE;
				CLANG_CXX_LANGUAGE_STANDARD = "gnu++14";
				CLANG_CXX_LIBRARY = "libc++";
				CLANG_ENABLE_MODULES = YES;
				CLANG_ENABLE_OBJC_ARC = YES;
				CLANG_ENABLE_OBJC_WEAK = YES;
				CLANG_WARN_BLOCK_CAPTURE_AUTORELEASING = YES;
				CLANG_WARN_BOOL_CONVERSION = YES;
				CLANG_WARN_COMMA = YES;
				CLANG_WARN_CONSTANT_CONVERSION = YES;
				CLANG_WARN_DEPRECATED_OBJC_IMPLEMENTATIONS = YES;
				CLANG_WARN_DIRECT_OBJC_ISA_USAGE = YES_ERROR;
				CLANG_WARN_DOCUMENTATION_COMMENTS = YES;
				CLANG_WARN_EMPTY_BODY = YES;
				CLANG_WARN_ENUM_CONVERSION = YES;
				CLANG_WARN_INFINITE_RECURSION = YES;
				CLANG_WARN_INT_CONVERSION = YES;
				CLANG_WARN_NON_LITERAL_NULL_CONVERSION = YES;
				CLANG_WARN_OBJC_IMPLICIT_RETAIN_SELF = YES;
				CLANG_WARN_OBJC_LITERAL_CONVERSION = YES;
				CLANG_WARN_OBJC_ROOT_CLASS = YES_ERROR;
				CLANG_WARN_RANGE_LOOP_ANALYSIS = YES;
				CLANG_WARN_STRICT_PROTOTYPES = YES;
				CLANG_WARN_SUSPICIOUS_MOVE = YES;
				CLANG_WARN_UNGUARDED_AVAILABILITY = YES_AGGRESSIVE;
				CLANG_WARN_UNREACHABLE_CODE = YES;
				CLANG_WARN__DUPLICATE_METHOD_MATCH = YES;
				CODE_SIGN_IDENTITY = "iPhone Developer";
				COPY_PHASE_STRIP = NO;
				DEBUG_INFORMATION_FORMAT = "dwarf-with-dsym";
				ENABLE_NS_ASSERTIONS = NO;
				ENABLE_STRICT_OBJC_MSGSEND = YES;
				GCC_C_LANGUAGE_STANDARD = gnu11;
				GCC_NO_COMMON_BLOCKS = YES;
				GCC_WARN_64_TO_32_BIT_CONVERSION = YES;
				GCC_WARN_ABOUT_RETURN_TYPE = YES_ERROR;
				GCC_WARN_UNDECLARED_SELECTOR = YES;
				GCC_WARN_UNINITIALIZED_AUTOS = YES_AGGRESSIVE;
				GCC_WARN_UNUSED_FUNCTION = YES;
				GCC_WARN_UNUSED_VARIABLE = YES;
				IPHONEOS_DEPLOYMENT_TARGET = 12.1;
				MTL_ENABLE_DEBUG_INFO = NO;
				MTL_FAST_MATH = YES;
				SDKROOT = iphoneos;
				SWIFT_COMPILATION_MODE = wholemodule;
				SWIFT_OPTIMIZATION_LEVEL = "-O";
				VALIDATE_PRODUCT = YES;
			};
			name = Release;
		};
		3E74D23B2609614000BEE494 /* Debug */ = {
			isa = XCBuildConfiguration;
			buildSettings = {
				ASSETCATALOG_COMPILER_APPICON_NAME = AppIcon;
				CODE_SIGN_STYLE = Automatic;
				INFOPLIST_FILE = MinhaBiblioteca/Info.plist;
				LD_RUNPATH_SEARCH_PATHS = (
					"$(inherited)",
					"@executable_path/Frameworks",
				);
				PRODUCT_BUNDLE_IDENTIFIER = br.com.estudos.MinhaBiblioteca;
				PRODUCT_NAME = "$(TARGET_NAME)";
				SWIFT_VERSION = 4.2;
				TARGETED_DEVICE_FAMILY = "1,2";
			};
			name = Debug;
		};
		3E74D23C2609614000BEE494 /* Release */ = {
			isa = XCBuildConfiguration;
			buildSettings = {
				ASSETCATALOG_COMPILER_APPICON_NAME = AppIcon;
				CODE_SIGN_STYLE = Automatic;
				INFOPLIST_FILE = MinhaBiblioteca/Info.plist;
				LD_RUNPATH_SEARCH_PATHS = (
					"$(inherited)",
					"@executable_path/Frameworks",
				);
				PRODUCT_BUNDLE_IDENTIFIER = br.com.estudos.MinhaBiblioteca;
				PRODUCT_NAME = "$(TARGET_NAME)";
				SWIFT_VERSION = 4.2;
				TARGETED_DEVICE_FAMILY = "1,2";
			};
			name = Release;
		};
		3E74D23E2609614000BEE494 /* Debug */ = {
			isa = XCBuildConfiguration;
			buildSettings = {
				ALWAYS_EMBED_SWIFT_STANDARD_LIBRARIES = YES;
				BUNDLE_LOADER = "$(TEST_HOST)";
				CODE_SIGN_STYLE = Automatic;
				INFOPLIST_FILE = MinhaBibliotecaTests/Info.plist;
				LD_RUNPATH_SEARCH_PATHS = (
					"$(inherited)",
					"@executable_path/Frameworks",
					"@loader_path/Frameworks",
				);
				PRODUCT_BUNDLE_IDENTIFIER = br.com.estudos.MinhaBibliotecaTests;
				PRODUCT_NAME = "$(TARGET_NAME)";
				SWIFT_VERSION = 4.2;
				TARGETED_DEVICE_FAMILY = "1,2";
				TEST_HOST = "$(BUILT_PRODUCTS_DIR)/MinhaBiblioteca.app/MinhaBiblioteca";
			};
			name = Debug;
		};
		3E74D23F2609614000BEE494 /* Release */ = {
			isa = XCBuildConfiguration;
			buildSettings = {
				ALWAYS_EMBED_SWIFT_STANDARD_LIBRARIES = YES;
				BUNDLE_LOADER = "$(TEST_HOST)";
				CODE_SIGN_STYLE = Automatic;
				INFOPLIST_FILE = MinhaBibliotecaTests/Info.plist;
				LD_RUNPATH_SEARCH_PATHS = (
					"$(inherited)",
					"@executable_path/Frameworks",
					"@loader_path/Frameworks",
				);
				PRODUCT_BUNDLE_IDENTIFIER = br.com.estudos.MinhaBibliotecaTests;
				PRODUCT_NAME = "$(TARGET_NAME)";
				SWIFT_VERSION = 4.2;
				TARGETED_DEVICE_FAMILY = "1,2";
				TEST_HOST = "$(BUILT_PRODUCTS_DIR)/MinhaBiblioteca.app/MinhaBiblioteca";
			};
			name = Release;
		};
		3E74D2412609614000BEE494 /* Debug */ = {
			isa = XCBuildConfiguration;
			buildSettings = {
				ALWAYS_EMBED_SWIFT_STANDARD_LIBRARIES = YES;
				CODE_SIGN_STYLE = Automatic;
				INFOPLIST_FILE = MinhaBibliotecaUITests/Info.plist;
				LD_RUNPATH_SEARCH_PATHS = (
					"$(inherited)",
					"@executable_path/Frameworks",
					"@loader_path/Frameworks",
				);
				PRODUCT_BUNDLE_IDENTIFIER = br.com.estudos.MinhaBibliotecaUITests;
				PRODUCT_NAME = "$(TARGET_NAME)";
				SWIFT_VERSION = 4.2;
				TARGETED_DEVICE_FAMILY = "1,2";
				TEST_TARGET_NAME = MinhaBiblioteca;
			};
			name = Debug;
		};
		3E74D2422609614000BEE494 /* Release */ = {
			isa = XCBuildConfiguration;
			buildSettings = {
				ALWAYS_EMBED_SWIFT_STANDARD_LIBRARIES = YES;
				CODE_SIGN_STYLE = Automatic;
				INFOPLIST_FILE = MinhaBibliotecaUITests/Info.plist;
				LD_RUNPATH_SEARCH_PATHS = (
					"$(inherited)",
					"@executable_path/Frameworks",
					"@loader_path/Frameworks",
				);
				PRODUCT_BUNDLE_IDENTIFIER = br.com.estudos.MinhaBibliotecaUITests;
				PRODUCT_NAME = "$(TARGET_NAME)";
				SWIFT_VERSION = 4.2;
				TARGETED_DEVICE_FAMILY = "1,2";
				TEST_TARGET_NAME = MinhaBiblioteca;
			};
			name = Release;
		};
/* End XCBuildConfiguration section */

/* Begin XCConfigurationList section */
		3E74D20A2609613F00BEE494 /* Build configuration list for PBXProject "MinhaBiblioteca" */ = {
			isa = XCConfigurationList;
			buildConfigurations = (
				3E74D2382609614000BEE494 /* Debug */,
				3E74D2392609614000BEE494 /* Release */,
			);
			defaultConfigurationIsVisible = 0;
			defaultConfigurationName = Release;
		};
		3E74D23A2609614000BEE494 /* Build configuration list for PBXNativeTarget "MinhaBiblioteca" */ = {
			isa = XCConfigurationList;
			buildConfigurations = (
				3E74D23B2609614000BEE494 /* Debug */,
				3E74D23C2609614000BEE494 /* Release */,
			);
			defaultConfigurationIsVisible = 0;
			defaultConfigurationName = Release;
		};
		3E74D23D2609614000BEE494 /* Build configuration list for PBXNativeTarget "MinhaBibliotecaTests" */ = {
			isa = XCConfigurationList;
			buildConfigurations = (
				3E74D23E2609614000BEE494 /* Debug */,
				3E74D23F2609614000BEE494 /* Release */,
			);
			defaultConfigurationIsVisible = 0;
			defaultConfigurationName = Release;
		};
		3E74D2402609614000BEE494 /* Build configuration list for PBXNativeTarget "MinhaBibliotecaUITests" */ = {
			isa = XCConfigurationList;
			buildConfigurations = (
				3E74D2412609614000BEE494 /* Debug */,
				3E74D2422609614000BEE494 /* Release */,
			);
			defaultConfigurationIsVisible = 0;
			defaultConfigurationName = Release;
		};
/* End XCConfigurationList section */

/* Begin XCVersionGroup section */
		3E74D2192609613F00BEE494 /* MinhaBiblioteca.xcdatamodeld */ = {
			isa = XCVersionGroup;
			children = (
				3E74D21A2609613F00BEE494 /* MinhaBiblioteca.xcdatamodel */,
			);
			currentVersion = 3E74D21A2609613F00BEE494 /* MinhaBiblioteca.xcdatamodel */;
			path = MinhaBiblioteca.xcdatamodeld;
			sourceTree = "<group>";
			versionGroupType = wrapper.xcdatamodel;
		};
/* End XCVersionGroup section */
	};
	rootObject = 3E74D2072609613F00BEE494 /* Project object */;
}
